
Microsoft Visual Studio Solution File, Format Version 12.00
# Visual Studio 15
VisualStudioVersion = 15.0.27703.2035
MinimumVisualStudioVersion = 10.0.40219.1
Project("{FAE04EC0-301F-11D3-BF4B-00C04F79EFBC}") = "Calculator", "Calculator\Calculator.csproj", "{614A1DE7-993E-46C5-BB6C-51F4BD54F908}"
EndProject
Project("{FAE04EC0-301F-11D3-BF4B-00C04F79EFBC}") = "CommonLibrary", "CommonLibrary\CommonLibrary.csproj", "{00C4A0A4-BCF4-4C2A-B6B2-18DE0AEC6033}"
EndProject
Project("{FAE04EC0-301F-11D3-BF4B-00C04F79EFBC}") = "CommonLibrary.Tests", "CommonLibrary.Tests\CommonLibrary.Tests.csproj", "{10680230-6D9A-4A89-B84F-A6446132BA7C}"
EndProject
Global
	GlobalSection(SolutionConfigurationPlatforms) = preSolution
		Debug|Any CPU = Debug|Any CPU
		Release|Any CPU = Release|Any CPU
	EndGlobalSection
	GlobalSection(ProjectConfigurationPlatforms) = postSolution
		{614A1DE7-993E-46C5-BB6C-51F4BD54F908}.Debug|Any CPU.ActiveCfg = Debug|Any CPU
		{614A1DE7-993E-46C5-BB6C-51F4BD54F908}.Debug|Any CPU.Build.0 = Debug|Any CPU
		{614A1DE7-993E-46C5-BB6C-51F4BD54F908}.Release|Any CPU.ActiveCfg = Release|Any CPU
		{614A1DE7-993E-46C5-BB6C-51F4BD54F908}.Release|Any CPU.Build.0 = Release|Any CPU
		{00C4A0A4-BCF4-4C2A-B6B2-18DE0AEC6033}.Debug|Any CPU.ActiveCfg = Debug|Any CPU
		{00C4A0A4-BCF4-4C2A-B6B2-18DE0AEC6033}.Debug|Any CPU.Build.0 = Debug|Any CPU
		{00C4A0A4-BCF4-4C2A-B6B2-18DE0AEC6033}.Release|Any CPU.ActiveCfg = Release|Any CPU
		{00C4A0A4-BCF4-4C2A-B6B2-18DE0AEC6033}.Release|Any CPU.Build.0 = Release|Any CPU
		{10680230-6D9A-4A89-B84F-A6446132BA7C}.Debug|Any CPU.ActiveCfg = Debug|Any CPU
		{10680230-6D9A-4A89-B84F-A6446132BA7C}.Debug|Any CPU.Build.0 = Debug|Any CPU
		{10680230-6D9A-4A89-B84F-A6446132BA7C}.Release|Any CPU.ActiveCfg = Release|Any CPU
		{10680230-6D9A-4A89-B84F-A6446132BA7C}.Release|Any CPU.Build.0 = Release|Any CPU
	EndGlobalSection
	GlobalSection(SolutionProperties) = preSolution
		HideSolutionNode = FALSE
	EndGlobalSection
	GlobalSection(ExtensibilityGlobals) = postSolution
		SolutionGuid = {1675BCAC-A01A-4BCE-B885-3B4C36C22DE0}
	EndGlobalSection
EndGlobal
