
Microsoft Visual Studio Solution File, Format Version 12.00
# Visual Studio 15
VisualStudioVersion = 15.0.27703.2035
MinimumVisualStudioVersion = 10.0.40219.1
Project("{FAE04EC0-301F-11D3-BF4B-00C04F79EFBC}") = "EF", "EF\EF.csproj", "{4903C6B9-E3D5-44E3-A15D-67647A4A3A40}"
EndProject
Project("{FAE04EC0-301F-11D3-BF4B-00C04F79EFBC}") = "Database", "Database\Database.csproj", "{1DA7D894-2A39-4A8B-AA07-79EEA4F72494}"
EndProject
Global
	GlobalSection(SolutionConfigurationPlatforms) = preSolution
		Debug|Any CPU = Debug|Any CPU
		Release|Any CPU = Release|Any CPU
	EndGlobalSection
	GlobalSection(ProjectConfigurationPlatforms) = postSolution
		{4903C6B9-E3D5-44E3-A15D-67647A4A3A40}.Debug|Any CPU.ActiveCfg = Debug|Any CPU
		{4903C6B9-E3D5-44E3-A15D-67647A4A3A40}.Debug|Any CPU.Build.0 = Debug|Any CPU
		{4903C6B9-E3D5-44E3-A15D-67647A4A3A40}.Release|Any CPU.ActiveCfg = Release|Any CPU
		{4903C6B9-E3D5-44E3-A15D-67647A4A3A40}.Release|Any CPU.Build.0 = Release|Any CPU
		{1DA7D894-2A39-4A8B-AA07-79EEA4F72494}.Debug|Any CPU.ActiveCfg = Debug|Any CPU
		{1DA7D894-2A39-4A8B-AA07-79EEA4F72494}.Debug|Any CPU.Build.0 = Debug|Any CPU
		{1DA7D894-2A39-4A8B-AA07-79EEA4F72494}.Release|Any CPU.ActiveCfg = Release|Any CPU
		{1DA7D894-2A39-4A8B-AA07-79EEA4F72494}.Release|Any CPU.Build.0 = Release|Any CPU
	EndGlobalSection
	GlobalSection(SolutionProperties) = preSolution
		HideSolutionNode = FALSE
	EndGlobalSection
	GlobalSection(ExtensibilityGlobals) = postSolution
		SolutionGuid = {3AA98CB7-15E3-4DB1-8303-B0650A4CD55E}
	EndGlobalSection
EndGlobal
